
Microsoft Visual Studio Solution File, Format Version 12.00
# Visual Studio 14
VisualStudioVersion = 14.0.25420.1
MinimumVisualStudioVersion = 10.0.40219.1
Project("{8BC9CEB8-8B4A-11D0-8D11-00A0C91BC942}") = "GBMaps", "modules\board\GBMaps.vcxproj", "{010C92C0-B377-49C9-B77E-8ACB2AA08098}"
EndProject
Project("{8BC9CEB8-8B4A-11D0-8D11-00A0C91BC942}") = "Tile", "modules\tile\Tile.vcxproj", "{19BA8CAD-FB6F-4D1A-9F54-86696319DAE5}"
EndProject
Project("{8BC9CEB8-8B4A-11D0-8D11-00A0C91BC942}") = "zTestDriver", "TestDriver\TestDriver.vcxproj", "{B5E2EEFF-04EE-48DA-BD50-ECFE578CE7A4}"
EndProject
Project("{8BC9CEB8-8B4A-11D0-8D11-00A0C91BC942}") = "GBMapLoader", "modules\GBMapLoader\GBMapLoader.vcxproj", "{4806BAD0-C1F3-45C0-9CFF-FB7E2DACD3C4}"
EndProject
Project("{8BC9CEB8-8B4A-11D0-8D11-00A0C91BC942}") = "Scoring", "modules\Scoring\Scoring.vcxproj", "{4647E29A-520A-474D-9D65-3486B661A22D}"
EndProject
Global
	GlobalSection(SolutionConfigurationPlatforms) = preSolution
		Debug|ARM = Debug|ARM
		Debug|x64 = Debug|x64
		Debug|x86 = Debug|x86
		Release|ARM = Release|ARM
		Release|x64 = Release|x64
		Release|x86 = Release|x86
	EndGlobalSection
	GlobalSection(ProjectConfigurationPlatforms) = postSolution
		{010C92C0-B377-49C9-B77E-8ACB2AA08098}.Debug|ARM.ActiveCfg = Debug|Win32
		{010C92C0-B377-49C9-B77E-8ACB2AA08098}.Debug|x64.ActiveCfg = Debug|x64
		{010C92C0-B377-49C9-B77E-8ACB2AA08098}.Debug|x64.Build.0 = Debug|x64
		{010C92C0-B377-49C9-B77E-8ACB2AA08098}.Debug|x86.ActiveCfg = Debug|Win32
		{010C92C0-B377-49C9-B77E-8ACB2AA08098}.Debug|x86.Build.0 = Debug|Win32
		{010C92C0-B377-49C9-B77E-8ACB2AA08098}.Release|ARM.ActiveCfg = Release|Win32
		{010C92C0-B377-49C9-B77E-8ACB2AA08098}.Release|x64.ActiveCfg = Release|x64
		{010C92C0-B377-49C9-B77E-8ACB2AA08098}.Release|x64.Build.0 = Release|x64
		{010C92C0-B377-49C9-B77E-8ACB2AA08098}.Release|x86.ActiveCfg = Release|Win32
		{010C92C0-B377-49C9-B77E-8ACB2AA08098}.Release|x86.Build.0 = Release|Win32
		{19BA8CAD-FB6F-4D1A-9F54-86696319DAE5}.Debug|ARM.ActiveCfg = Debug|Win32
		{19BA8CAD-FB6F-4D1A-9F54-86696319DAE5}.Debug|x64.ActiveCfg = Debug|x64
		{19BA8CAD-FB6F-4D1A-9F54-86696319DAE5}.Debug|x64.Build.0 = Debug|x64
		{19BA8CAD-FB6F-4D1A-9F54-86696319DAE5}.Debug|x86.ActiveCfg = Debug|Win32
		{19BA8CAD-FB6F-4D1A-9F54-86696319DAE5}.Debug|x86.Build.0 = Debug|Win32
		{19BA8CAD-FB6F-4D1A-9F54-86696319DAE5}.Release|ARM.ActiveCfg = Release|Win32
		{19BA8CAD-FB6F-4D1A-9F54-86696319DAE5}.Release|x64.ActiveCfg = Release|x64
		{19BA8CAD-FB6F-4D1A-9F54-86696319DAE5}.Release|x64.Build.0 = Release|x64
		{19BA8CAD-FB6F-4D1A-9F54-86696319DAE5}.Release|x86.ActiveCfg = Release|Win32
		{19BA8CAD-FB6F-4D1A-9F54-86696319DAE5}.Release|x86.Build.0 = Release|Win32
		{B5E2EEFF-04EE-48DA-BD50-ECFE578CE7A4}.Debug|ARM.ActiveCfg = Debug|Win32
		{B5E2EEFF-04EE-48DA-BD50-ECFE578CE7A4}.Debug|x64.ActiveCfg = Debug|x64
		{B5E2EEFF-04EE-48DA-BD50-ECFE578CE7A4}.Debug|x64.Build.0 = Debug|x64
		{B5E2EEFF-04EE-48DA-BD50-ECFE578CE7A4}.Debug|x86.ActiveCfg = Debug|Win32
		{B5E2EEFF-04EE-48DA-BD50-ECFE578CE7A4}.Debug|x86.Build.0 = Debug|Win32
		{B5E2EEFF-04EE-48DA-BD50-ECFE578CE7A4}.Release|ARM.ActiveCfg = Release|Win32
		{B5E2EEFF-04EE-48DA-BD50-ECFE578CE7A4}.Release|x64.ActiveCfg = Release|x64
		{B5E2EEFF-04EE-48DA-BD50-ECFE578CE7A4}.Release|x64.Build.0 = Release|x64
		{B5E2EEFF-04EE-48DA-BD50-ECFE578CE7A4}.Release|x86.ActiveCfg = Release|Win32
		{B5E2EEFF-04EE-48DA-BD50-ECFE578CE7A4}.Release|x86.Build.0 = Release|Win32
		{4806BAD0-C1F3-45C0-9CFF-FB7E2DACD3C4}.Debug|ARM.ActiveCfg = Debug|Win32
		{4806BAD0-C1F3-45C0-9CFF-FB7E2DACD3C4}.Debug|x64.ActiveCfg = Debug|x64
		{4806BAD0-C1F3-45C0-9CFF-FB7E2DACD3C4}.Debug|x64.Build.0 = Debug|x64
		{4806BAD0-C1F3-45C0-9CFF-FB7E2DACD3C4}.Debug|x86.ActiveCfg = Debug|Win32
		{4806BAD0-C1F3-45C0-9CFF-FB7E2DACD3C4}.Debug|x86.Build.0 = Debug|Win32
		{4806BAD0-C1F3-45C0-9CFF-FB7E2DACD3C4}.Release|ARM.ActiveCfg = Release|Win32
		{4806BAD0-C1F3-45C0-9CFF-FB7E2DACD3C4}.Release|x64.ActiveCfg = Release|x64
		{4806BAD0-C1F3-45C0-9CFF-FB7E2DACD3C4}.Release|x64.Build.0 = Release|x64
		{4806BAD0-C1F3-45C0-9CFF-FB7E2DACD3C4}.Release|x86.ActiveCfg = Release|Win32
		{4806BAD0-C1F3-45C0-9CFF-FB7E2DACD3C4}.Release|x86.Build.0 = Release|Win32
		{4647E29A-520A-474D-9D65-3486B661A22D}.Debug|ARM.ActiveCfg = Debug|Win32
		{4647E29A-520A-474D-9D65-3486B661A22D}.Debug|x64.ActiveCfg = Debug|x64
		{4647E29A-520A-474D-9D65-3486B661A22D}.Debug|x64.Build.0 = Debug|x64
		{4647E29A-520A-474D-9D65-3486B661A22D}.Debug|x86.ActiveCfg = Debug|Win32
		{4647E29A-520A-474D-9D65-3486B661A22D}.Debug|x86.Build.0 = Debug|Win32
		{4647E29A-520A-474D-9D65-3486B661A22D}.Release|ARM.ActiveCfg = Release|Win32
		{4647E29A-520A-474D-9D65-3486B661A22D}.Release|x64.ActiveCfg = Release|x64
		{4647E29A-520A-474D-9D65-3486B661A22D}.Release|x64.Build.0 = Release|x64
		{4647E29A-520A-474D-9D65-3486B661A22D}.Release|x86.ActiveCfg = Release|Win32
		{4647E29A-520A-474D-9D65-3486B661A22D}.Release|x86.Build.0 = Release|Win32
	EndGlobalSection
	GlobalSection(SolutionProperties) = preSolution
		HideSolutionNode = FALSE
	EndGlobalSection
	GlobalSection(ExtensibilityGlobals) = postSolution
		SolutionGuid = {A876D796-27C7-47A6-BB0E-BDDA7D0193CE}
	EndGlobalSection
EndGlobal
